
Microsoft Visual Studio Solution File, Format Version 12.00
# Visual Studio Version 16
VisualStudioVersion = 16.0.30517.126
MinimumVisualStudioVersion = 10.0.40219.1
Project("{FAE04EC0-301F-11D3-BF4B-00C04F79EFBC}") = "ControlOfYourOwnBudget", "ControlOfYourOwnBudget.csproj", "{0BE6F9A2-D629-4CFA-A3FC-E358120BB090}"
EndProject
Project("{FAE04EC0-301F-11D3-BF4B-00C04F79EFBC}") = "AccountLibrary", "..\AccountLibrary\AccountLibrary.csproj", "{0AE66EB3-3D75-41B3-BA12-64D86A1FB4C5}"
EndProject
Project("{FAE04EC0-301F-11D3-BF4B-00C04F79EFBC}") = "ExpenseItemLibrary", "..\ExpenseItemLibrary\ExpenseItemLibrary.csproj", "{596EED66-393C-4F7D-B641-C17417F25C01}"
EndProject
Project("{FAE04EC0-301F-11D3-BF4B-00C04F79EFBC}") = "IncomeItemLibrary", "..\IncomeItemLibrary\IncomeItemLibrary.csproj", "{A780AD70-FF07-4EE3-85BF-9E93E7AE733C}"
EndProject
Project("{FAE04EC0-301F-11D3-BF4B-00C04F79EFBC}") = "ExceptionsLibrary", "..\ExceptionsLibrary\ExceptionsLibrary.csproj", "{D50D47C9-2077-43D0-B746-BEA6439D8856}"
EndProject
Project("{FAE04EC0-301F-11D3-BF4B-00C04F79EFBC}") = "AccountEventArgsLibrary", "..\AccountEventArgs\AccountEventArgsLibrary.csproj", "{E4296172-92BD-4850-B6FA-1284D8D3DE66}"
EndProject
Global
	GlobalSection(SolutionConfigurationPlatforms) = preSolution
		Debug|Any CPU = Debug|Any CPU
		Release|Any CPU = Release|Any CPU
	EndGlobalSection
	GlobalSection(ProjectConfigurationPlatforms) = postSolution
		{0BE6F9A2-D629-4CFA-A3FC-E358120BB090}.Debug|Any CPU.ActiveCfg = Debug|Any CPU
		{0BE6F9A2-D629-4CFA-A3FC-E358120BB090}.Debug|Any CPU.Build.0 = Debug|Any CPU
		{0BE6F9A2-D629-4CFA-A3FC-E358120BB090}.Release|Any CPU.ActiveCfg = Release|Any CPU
		{0BE6F9A2-D629-4CFA-A3FC-E358120BB090}.Release|Any CPU.Build.0 = Release|Any CPU
		{0AE66EB3-3D75-41B3-BA12-64D86A1FB4C5}.Debug|Any CPU.ActiveCfg = Debug|Any CPU
		{0AE66EB3-3D75-41B3-BA12-64D86A1FB4C5}.Debug|Any CPU.Build.0 = Debug|Any CPU
		{0AE66EB3-3D75-41B3-BA12-64D86A1FB4C5}.Release|Any CPU.ActiveCfg = Release|Any CPU
		{0AE66EB3-3D75-41B3-BA12-64D86A1FB4C5}.Release|Any CPU.Build.0 = Release|Any CPU
		{596EED66-393C-4F7D-B641-C17417F25C01}.Debug|Any CPU.ActiveCfg = Debug|Any CPU
		{596EED66-393C-4F7D-B641-C17417F25C01}.Debug|Any CPU.Build.0 = Debug|Any CPU
		{596EED66-393C-4F7D-B641-C17417F25C01}.Release|Any CPU.ActiveCfg = Release|Any CPU
		{596EED66-393C-4F7D-B641-C17417F25C01}.Release|Any CPU.Build.0 = Release|Any CPU
		{A780AD70-FF07-4EE3-85BF-9E93E7AE733C}.Debug|Any CPU.ActiveCfg = Debug|Any CPU
		{A780AD70-FF07-4EE3-85BF-9E93E7AE733C}.Debug|Any CPU.Build.0 = Debug|Any CPU
		{A780AD70-FF07-4EE3-85BF-9E93E7AE733C}.Release|Any CPU.ActiveCfg = Release|Any CPU
		{A780AD70-FF07-4EE3-85BF-9E93E7AE733C}.Release|Any CPU.Build.0 = Release|Any CPU
		{D50D47C9-2077-43D0-B746-BEA6439D8856}.Debug|Any CPU.ActiveCfg = Debug|Any CPU
		{D50D47C9-2077-43D0-B746-BEA6439D8856}.Debug|Any CPU.Build.0 = Debug|Any CPU
		{D50D47C9-2077-43D0-B746-BEA6439D8856}.Release|Any CPU.ActiveCfg = Release|Any CPU
		{D50D47C9-2077-43D0-B746-BEA6439D8856}.Release|Any CPU.Build.0 = Release|Any CPU
		{E4296172-92BD-4850-B6FA-1284D8D3DE66}.Debug|Any CPU.ActiveCfg = Debug|Any CPU
		{E4296172-92BD-4850-B6FA-1284D8D3DE66}.Debug|Any CPU.Build.0 = Debug|Any CPU
		{E4296172-92BD-4850-B6FA-1284D8D3DE66}.Release|Any CPU.ActiveCfg = Release|Any CPU
		{E4296172-92BD-4850-B6FA-1284D8D3DE66}.Release|Any CPU.Build.0 = Release|Any CPU
	EndGlobalSection
	GlobalSection(SolutionProperties) = preSolution
		HideSolutionNode = FALSE
	EndGlobalSection
	GlobalSection(ExtensibilityGlobals) = postSolution
		SolutionGuid = {8AD02E0D-73CE-4F35-BB46-B815389761D1}
	EndGlobalSection
EndGlobal
